
Microsoft Visual Studio Solution File, Format Version 12.00
# Visual Studio Version 18
VisualStudioVersion = 18.4.11620.152
MinimumVisualStudioVersion = 10.0.40219.1
Project("{FAE04EC0-301F-11D3-BF4B-00C04F79EFBC}") = "Scripts", "Scripts\Scripts.csproj", "{308EA7C6-2873-4E47-AF3F-ABBA3F8AB63E}"
EndProject
Project("{2150E333-8FDC-42A3-9474-1A3956D46DE8}") = "Solution Items", "Solution Items", "{EF956787-B078-4D19-B03B-4A8F2A4841AD}"
	ProjectSection(SolutionItems) = preProject
		README.md = README.md
	EndProjectSection
EndProject
Project("{2150E333-8FDC-42A3-9474-1A3956D46DE8}") = "솔루션 항목", "솔루션 항목", "{C0E4C557-B67A-48C4-A3EF-8278BBD52D6D}"
EndProject
Project("{FAE04EC0-301F-11D3-BF4B-00C04F79EFBC}") = "Server", "Server\Server.csproj", "{3461765F-60A1-21BC-764E-FC799869FE2F}"
EndProject
Project("{FAE04EC0-301F-11D3-BF4B-00C04F79EFBC}") = "Ultima", "Ultima\Ultima.csproj", "{E08CFBE4-E013-44EE-8829-426D05BC083F}"
EndProject
Global
	GlobalSection(SolutionConfigurationPlatforms) = preSolution
		Debug|Any CPU = Debug|Any CPU
		Release|Any CPU = Release|Any CPU
	EndGlobalSection
	GlobalSection(ProjectConfigurationPlatforms) = postSolution
		{308EA7C6-2873-4E47-AF3F-ABBA3F8AB63E}.Debug|Any CPU.ActiveCfg = Release|Any CPU
		{308EA7C6-2873-4E47-AF3F-ABBA3F8AB63E}.Debug|Any CPU.Build.0 = Release|Any CPU
		{308EA7C6-2873-4E47-AF3F-ABBA3F8AB63E}.Release|Any CPU.ActiveCfg = Release|Any CPU
		{308EA7C6-2873-4E47-AF3F-ABBA3F8AB63E}.Release|Any CPU.Build.0 = Release|Any CPU
		{3461765F-60A1-21BC-764E-FC799869FE2F}.Debug|Any CPU.ActiveCfg = Debug|Any CPU
		{3461765F-60A1-21BC-764E-FC799869FE2F}.Debug|Any CPU.Build.0 = Debug|Any CPU
		{3461765F-60A1-21BC-764E-FC799869FE2F}.Release|Any CPU.ActiveCfg = Release|Any CPU
		{3461765F-60A1-21BC-764E-FC799869FE2F}.Release|Any CPU.Build.0 = Release|Any CPU
		{E08CFBE4-E013-44EE-8829-426D05BC083F}.Debug|Any CPU.ActiveCfg = Debug|Any CPU
		{E08CFBE4-E013-44EE-8829-426D05BC083F}.Debug|Any CPU.Build.0 = Debug|Any CPU
		{E08CFBE4-E013-44EE-8829-426D05BC083F}.Release|Any CPU.ActiveCfg = Release|Any CPU
		{E08CFBE4-E013-44EE-8829-426D05BC083F}.Release|Any CPU.Build.0 = Release|Any CPU
	EndGlobalSection
	GlobalSection(SolutionProperties) = preSolution
		HideSolutionNode = FALSE
	EndGlobalSection
	GlobalSection(ExtensibilityGlobals) = postSolution
		SolutionGuid = {623D757F-7CDF-45C6-BC1D-1EF4B3995D5E}
	EndGlobalSection
EndGlobal
